// !$*UTF8*$!
{
	archiveVersion = 1;
	classes = {
	};
	objectVersion = 46;
	objects = {

/* Begin PBXBuildFile section */
		87053DCB1EF8EEC300996C30 /* img_lc_logo.png in Resources */ = {isa = PBXBuildFile; fileRef = 87053DCA1EF8EEC300996C30 /* img_lc_logo.png */; };
		87683EA21ECB2384005E2F14 /* Popover.swift in Sources */ = {isa = PBXBuildFile; fileRef = 87683EA11ECB2384005E2F14 /* Popover.swift */; };
		877F4A2F1ED7E16800D33501 /* Assets.xcassets in Resources */ = {isa = PBXBuildFile; fileRef = 877F4A261ED7E16800D33501 /* Assets.xcassets */; };
		877F4A311ED7E16800D33501 /* Main.storyboard in Resources */ = {isa = PBXBuildFile; fileRef = 877F4A291ED7E16800D33501 /* Main.storyboard */; };
		878DE0121EE6439B004CA4FB /* Default-568h@2x.png in Resources */ = {isa = PBXBuildFile; fileRef = 878DE00E1EE6439B004CA4FB /* Default-568h@2x.png */; };
		878DE0131EE6439B004CA4FB /* ViewController.swift in Sources */ = {isa = PBXBuildFile; fileRef = 878DE0101EE6439B004CA4FB /* ViewController.swift */; };
		878DE0191EE643DD004CA4FB /* AppDelegate.swift in Sources */ = {isa = PBXBuildFile; fileRef = 878DE0161EE643DD004CA4FB /* AppDelegate.swift */; };
		878DE01B1EE64485004CA4FB /* LaunchScreen.storyboard in Resources */ = {isa = PBXBuildFile; fileRef = 877F4A271ED7E16800D33501 /* LaunchScreen.storyboard */; };
		878DE01E1EE64830004CA4FB /* img_bubble_page.png in Resources */ = {isa = PBXBuildFile; fileRef = 878DE01C1EE64830004CA4FB /* img_bubble_page.png */; };
		878DE01F1EE64830004CA4FB /* img_bubble_popover.png in Resources */ = {isa = PBXBuildFile; fileRef = 878DE01D1EE64830004CA4FB /* img_bubble_popover.png */; };
		87C95DDA1F021DC9002115CA /* PopoverSamplesVC.swift in Sources */ = {isa = PBXBuildFile; fileRef = 87C95DD91F021DC9002115CA /* PopoverSamplesVC.swift */; };
/* End PBXBuildFile section */

/* Begin PBXFileReference section */
		87053DCA1EF8EEC300996C30 /* img_lc_logo.png */ = {isa = PBXFileReference; lastKnownFileType = image.png; path = img_lc_logo.png; sourceTree = "<group>"; };
		87683E8B1ECB2283005E2F14 /* LCUIComponents.app */ = {isa = PBXFileReference; explicitFileType = wrapper.application; includeInIndex = 0; path = LCUIComponents.app; sourceTree = BUILT_PRODUCTS_DIR; };
		87683EA11ECB2384005E2F14 /* Popover.swift */ = {isa = PBXFileReference; fileEncoding = 4; lastKnownFileType = sourcecode.swift; name = Popover.swift; path = Source/Popover.swift; sourceTree = "<group>"; };
		877F4A261ED7E16800D33501 /* Assets.xcassets */ = {isa = PBXFileReference; lastKnownFileType = folder.assetcatalog; name = Assets.xcassets; path = ../Assets.xcassets; sourceTree = "<group>"; };
		877F4A281ED7E16800D33501 /* Base */ = {isa = PBXFileReference; lastKnownFileType = file.storyboard; name = Base; path = Base.lproj/LaunchScreen.storyboard; sourceTree = "<group>"; };
		877F4A2A1ED7E16800D33501 /* Base */ = {isa = PBXFileReference; lastKnownFileType = file.storyboard; name = Base; path = Base.lproj/Main.storyboard; sourceTree = "<group>"; };
		878DE00E1EE6439B004CA4FB /* Default-568h@2x.png */ = {isa = PBXFileReference; lastKnownFileType = image.png; path = "Default-568h@2x.png"; sourceTree = "<group>"; };
		878DE0101EE6439B004CA4FB /* ViewController.swift */ = {isa = PBXFileReference; fileEncoding = 4; lastKnownFileType = sourcecode.swift; path = ViewController.swift; sourceTree = "<group>"; };
		878DE0161EE643DD004CA4FB /* AppDelegate.swift */ = {isa = PBXFileReference; fileEncoding = 4; lastKnownFileType = sourcecode.swift; path = AppDelegate.swift; sourceTree = "<group>"; };
		878DE0181EE643DD004CA4FB /* Info.plist */ = {isa = PBXFileReference; fileEncoding = 4; lastKnownFileType = text.plist.xml; path = Info.plist; sourceTree = "<group>"; };
		878DE01C1EE64830004CA4FB /* img_bubble_page.png */ = {isa = PBXFileReference; lastKnownFileType = image.png; path = img_bubble_page.png; sourceTree = "<group>"; };
		878DE01D1EE64830004CA4FB /* img_bubble_popover.png */ = {isa = PBXFileReference; lastKnownFileType = image.png; path = img_bubble_popover.png; sourceTree = "<group>"; };
		87C95DD91F021DC9002115CA /* PopoverSamplesVC.swift */ = {isa = PBXFileReference; fileEncoding = 4; lastKnownFileType = sourcecode.swift; path = PopoverSamplesVC.swift; sourceTree = "<group>"; };
/* End PBXFileReference section */

/* Begin PBXFrameworksBuildPhase section */
		87683E881ECB2283005E2F14 /* Frameworks */ = {
			isa = PBXFrameworksBuildPhase;
			buildActionMask = 2147483647;
			files = (
			);
			runOnlyForDeploymentPostprocessing = 0;
		};
/* End PBXFrameworksBuildPhase section */

/* Begin PBXGroup section */
		87683E821ECB2283005E2F14 = {
			isa = PBXGroup;
			children = (
				87683E8D1ECB2283005E2F14 /* LCUIComponents */,
				87683E8C1ECB2283005E2F14 /* Products */,
			);
			sourceTree = "<group>";
		};
		87683E8C1ECB2283005E2F14 /* Products */ = {
			isa = PBXGroup;
			children = (
				87683E8B1ECB2283005E2F14 /* LCUIComponents.app */,
			);
			name = Products;
			sourceTree = "<group>";
		};
		87683E8D1ECB2283005E2F14 /* LCUIComponents */ = {
			isa = PBXGroup;
			children = (
				877F4A241ED7E16800D33501 /* Sample */,
				87683EA01ECB2343005E2F14 /* Source */,
			);
			path = LCUIComponents;
			sourceTree = "<group>";
		};
		87683EA01ECB2343005E2F14 /* Source */ = {
			isa = PBXGroup;
			children = (
				87683EA11ECB2384005E2F14 /* Popover.swift */,
			);
			name = Source;
			sourceTree = "<group>";
		};
		877F4A241ED7E16800D33501 /* Sample */ = {
			isa = PBXGroup;
			children = (
				878DE0151EE643DD004CA4FB /* Base */,
				878DE0171EE643DD004CA4FB /* SupportingFiles */,
				878DE00D1EE6439B004CA4FB /* Resources */,
				878DE00F1EE6439B004CA4FB /* ViewControllers */,
			);
			path = Sample;
			sourceTree = "<group>";
		};
		878DE00D1EE6439B004CA4FB /* Resources */ = {
			isa = PBXGroup;
			children = (
				87053DCA1EF8EEC300996C30 /* img_lc_logo.png */,
				878DE01C1EE64830004CA4FB /* img_bubble_page.png */,
				878DE01D1EE64830004CA4FB /* img_bubble_popover.png */,
				878DE00E1EE6439B004CA4FB /* Default-568h@2x.png */,
			);
			path = Resources;
			sourceTree = "<group>";
		};
		878DE00F1EE6439B004CA4FB /* ViewControllers */ = {
			isa = PBXGroup;
			children = (
				878DE0101EE6439B004CA4FB /* ViewController.swift */,
				87C95DD91F021DC9002115CA /* PopoverSamplesVC.swift */,
			);
			path = ViewControllers;
			sourceTree = "<group>";
		};
		878DE0151EE643DD004CA4FB /* Base */ = {
			isa = PBXGroup;
			children = (
				878DE0161EE643DD004CA4FB /* AppDelegate.swift */,
				877F4A271ED7E16800D33501 /* LaunchScreen.storyboard */,
				877F4A291ED7E16800D33501 /* Main.storyboard */,
			);
			path = Base;
			sourceTree = "<group>";
		};
		878DE0171EE643DD004CA4FB /* SupportingFiles */ = {
			isa = PBXGroup;
			children = (
				877F4A261ED7E16800D33501 /* Assets.xcassets */,
				878DE0181EE643DD004CA4FB /* Info.plist */,
			);
			path = SupportingFiles;
			sourceTree = "<group>";
		};
/* End PBXGroup section */

/* Begin PBXNativeTarget section */
		87683E8A1ECB2283005E2F14 /* LCUIComponents */ = {
			isa = PBXNativeTarget;
			buildConfigurationList = 87683E9D1ECB2283005E2F14 /* Build configuration list for PBXNativeTarget "LCUIComponents" */;
			buildPhases = (
				87683E871ECB2283005E2F14 /* Sources */,
				87683E881ECB2283005E2F14 /* Frameworks */,
				87683E891ECB2283005E2F14 /* Resources */,
			);
			buildRules = (
			);
			dependencies = (
			);
			name = LCUIComponents;
			productName = LCUIComponents;
			productReference = 87683E8B1ECB2283005E2F14 /* LCUIComponents.app */;
			productType = "com.apple.product-type.application";
		};
/* End PBXNativeTarget section */

/* Begin PBXProject section */
		87683E831ECB2283005E2F14 /* Project object */ = {
			isa = PBXProject;
			attributes = {
				LastSwiftUpdateCheck = 0830;
				LastUpgradeCheck = 0830;
				ORGANIZATIONNAME = "Linh Chu";
				TargetAttributes = {
					87683E8A1ECB2283005E2F14 = {
						CreatedOnToolsVersion = 8.3.2;
						ProvisioningStyle = Automatic;
					};
				};
			};
			buildConfigurationList = 87683E861ECB2283005E2F14 /* Build configuration list for PBXProject "LCUIComponents" */;
			compatibilityVersion = "Xcode 3.2";
			developmentRegion = English;
			hasScannedForEncodings = 0;
			knownRegions = (
				en,
				Base,
			);
			mainGroup = 87683E821ECB2283005E2F14;
			productRefGroup = 87683E8C1ECB2283005E2F14 /* Products */;
			projectDirPath = "";
			projectRoot = "";
			targets = (
				87683E8A1ECB2283005E2F14 /* LCUIComponents */,
			);
		};
/* End PBXProject section */

/* Begin PBXResourcesBuildPhase section */
		87683E891ECB2283005E2F14 /* Resources */ = {
			isa = PBXResourcesBuildPhase;
			buildActionMask = 2147483647;
			files = (
				878DE01B1EE64485004CA4FB /* LaunchScreen.storyboard in Resources */,
				877F4A311ED7E16800D33501 /* Main.storyboard in Resources */,
				877F4A2F1ED7E16800D33501 /* Assets.xcassets in Resources */,
				878DE01F1EE64830004CA4FB /* img_bubble_popover.png in Resources */,
				87053DCB1EF8EEC300996C30 /* img_lc_logo.png in Resources */,
				878DE01E1EE64830004CA4FB /* img_bubble_page.png in Resources */,
				878DE0121EE6439B004CA4FB /* Default-568h@2x.png in Resources */,
			);
			runOnlyForDeploymentPostprocessing = 0;
		};
/* End PBXResourcesBuildPhase section */

/* Begin PBXSourcesBuildPhase section */
		87683E871ECB2283005E2F14 /* Sources */ = {
			isa = PBXSourcesBuildPhase;
			buildActionMask = 2147483647;
			files = (
				878DE0191EE643DD004CA4FB /* AppDelegate.swift in Sources */,
				878DE0131EE6439B004CA4FB /* ViewController.swift in Sources */,
				87C95DDA1F021DC9002115CA /* PopoverSamplesVC.swift in Sources */,
				87683EA21ECB2384005E2F14 /* Popover.swift in Sources */,
			);
			runOnlyForDeploymentPostprocessing = 0;
		};
/* End PBXSourcesBuildPhase section */

/* Begin PBXVariantGroup section */
		877F4A271ED7E16800D33501 /* LaunchScreen.storyboard */ = {
			isa = PBXVariantGroup;
			children = (
				877F4A281ED7E16800D33501 /* Base */,
			);
			name = LaunchScreen.storyboard;
			path = ..;
			sourceTree = "<group>";
		};
		877F4A291ED7E16800D33501 /* Main.storyboard */ = {
			isa = PBXVariantGroup;
			children = (
				877F4A2A1ED7E16800D33501 /* Base */,
			);
			name = Main.storyboard;
			path = ..;
			sourceTree = "<group>";
		};
/* End PBXVariantGroup section */

/* Begin XCBuildConfiguration section */
		87683E9B1ECB2283005E2F14 /* Debug */ = {
			isa = XCBuildConfiguration;
			buildSettings = {
				ALWAYS_SEARCH_USER_PATHS = NO;
				CLANG_ANALYZER_NONNULL = YES;
				CLANG_ANALYZER_NUMBER_OBJECT_CONVERSION = YES_AGGRESSIVE;
				CLANG_CXX_LANGUAGE_STANDARD = "gnu++0x";
				CLANG_CXX_LIBRARY = "libc++";
				CLANG_ENABLE_MODULES = YES;
				CLANG_ENABLE_OBJC_ARC = YES;
				CLANG_WARN_BOOL_CONVERSION = YES;
				CLANG_WARN_CONSTANT_CONVERSION = YES;
				CLANG_WARN_DIRECT_OBJC_ISA_USAGE = YES_ERROR;
				CLANG_WARN_DOCUMENTATION_COMMENTS = YES;
				CLANG_WARN_EMPTY_BODY = YES;
				CLANG_WARN_ENUM_CONVERSION = YES;
				CLANG_WARN_INFINITE_RECURSION = YES;
				CLANG_WARN_INT_CONVERSION = YES;
				CLANG_WARN_OBJC_ROOT_CLASS = YES_ERROR;
				CLANG_WARN_SUSPICIOUS_MOVE = YES;
				CLANG_WARN_UNREACHABLE_CODE = YES;
				CLANG_WARN__DUPLICATE_METHOD_MATCH = YES;
				"CODE_SIGN_IDENTITY[sdk=iphoneos*]" = "iPhone Developer";
				COPY_PHASE_STRIP = NO;
				DEBUG_INFORMATION_FORMAT = dwarf;
				ENABLE_STRICT_OBJC_MSGSEND = YES;
				ENABLE_TESTABILITY = YES;
				GCC_C_LANGUAGE_STANDARD = gnu99;
				GCC_DYNAMIC_NO_PIC = NO;
				GCC_NO_COMMON_BLOCKS = YES;
				GCC_OPTIMIZATION_LEVEL = 0;
				GCC_PREPROCESSOR_DEFINITIONS = (
					"DEBUG=1",
					"$(inherited)",
				);
				GCC_WARN_64_TO_32_BIT_CONVERSION = YES;
				GCC_WARN_ABOUT_RETURN_TYPE = YES_ERROR;
				GCC_WARN_UNDECLARED_SELECTOR = YES;
				GCC_WARN_UNINITIALIZED_AUTOS = YES_AGGRESSIVE;
				GCC_WARN_UNUSED_FUNCTION = YES;
				GCC_WARN_UNUSED_VARIABLE = YES;
				IPHONEOS_DEPLOYMENT_TARGET = 10.3;
				MTL_ENABLE_DEBUG_INFO = YES;
				ONLY_ACTIVE_ARCH = YES;
				SDKROOT = iphoneos;
				SWIFT_ACTIVE_COMPILATION_CONDITIONS = DEBUG;
				SWIFT_OPTIMIZATION_LEVEL = "-Onone";
				TARGETED_DEVICE_FAMILY = "1,2";
			};
			name = Debug;
		};
		87683E9C1ECB2283005E2F14 /* Release */ = {
			isa = XCBuildConfiguration;
			buildSettings = {
				ALWAYS_SEARCH_USER_PATHS = NO;
				CLANG_ANALYZER_NONNULL = YES;
				CLANG_ANALYZER_NUMBER_OBJECT_CONVERSION = YES_AGGRESSIVE;
				CLANG_CXX_LANGUAGE_STANDARD = "gnu++0x";
				CLANG_CXX_LIBRARY = "libc++";
				CLANG_ENABLE_MODULES = YES;
				CLANG_ENABLE_OBJC_ARC = YES;
				CLANG_WARN_BOOL_CONVERSION = YES;
				CLANG_WARN_CONSTANT_CONVERSION = YES;
				CLANG_WARN_DIRECT_OBJC_ISA_USAGE = YES_ERROR;
				CLANG_WARN_DOCUMENTATION_COMMENTS = YES;
				CLANG_WARN_EMPTY_BODY = YES;
				CLANG_WARN_ENUM_CONVERSION = YES;
				CLANG_WARN_INFINITE_RECURSION = YES;
				CLANG_WARN_INT_CONVERSION = YES;
				CLANG_WARN_OBJC_ROOT_CLASS = YES_ERROR;
				CLANG_WARN_SUSPICIOUS_MOVE = YES;
				CLANG_WARN_UNREACHABLE_CODE = YES;
				CLANG_WARN__DUPLICATE_METHOD_MATCH = YES;
				"CODE_SIGN_IDENTITY[sdk=iphoneos*]" = "iPhone Developer";
				COPY_PHASE_STRIP = NO;
				DEBUG_INFORMATION_FORMAT = "dwarf-with-dsym";
				ENABLE_NS_ASSERTIONS = NO;
				ENABLE_STRICT_OBJC_MSGSEND = YES;
				GCC_C_LANGUAGE_STANDARD = gnu99;
				GCC_NO_COMMON_BLOCKS = YES;
				GCC_WARN_64_TO_32_BIT_CONVERSION = YES;
				GCC_WARN_ABOUT_RETURN_TYPE = YES_ERROR;
				GCC_WARN_UNDECLARED_SELECTOR = YES;
				GCC_WARN_UNINITIALIZED_AUTOS = YES_AGGRESSIVE;
				GCC_WARN_UNUSED_FUNCTION = YES;
				GCC_WARN_UNUSED_VARIABLE = YES;
				IPHONEOS_DEPLOYMENT_TARGET = 10.3;
				MTL_ENABLE_DEBUG_INFO = NO;
				SDKROOT = iphoneos;
				SWIFT_OPTIMIZATION_LEVEL = "-Owholemodule";
				TARGETED_DEVICE_FAMILY = "1,2";
				VALIDATE_PRODUCT = YES;
			};
			name = Release;
		};
		87683E9E1ECB2283005E2F14 /* Debug */ = {
			isa = XCBuildConfiguration;
			buildSettings = {
				ASSETCATALOG_COMPILER_APPICON_NAME = AppIcon;
				DEVELOPMENT_TEAM = "";
				INFOPLIST_FILE = "$(SRCROOT)/LCUIComponents/Sample/SupportingFiles/Info.plist";
				IPHONEOS_DEPLOYMENT_TARGET = 9.0;
				LD_RUNPATH_SEARCH_PATHS = "$(inherited) @executable_path/Frameworks";
				PRODUCT_BUNDLE_IDENTIFIER = com.linhchu.LCUIComponents;
				PRODUCT_NAME = "$(TARGET_NAME)";
				SWIFT_VERSION = 3.0;
			};
			name = Debug;
		};
		87683E9F1ECB2283005E2F14 /* Release */ = {
			isa = XCBuildConfiguration;
			buildSettings = {
				ASSETCATALOG_COMPILER_APPICON_NAME = AppIcon;
				DEVELOPMENT_TEAM = "";
				INFOPLIST_FILE = "$(SRCROOT)/LCUIComponents/Sample/SupportingFiles/Info.plist";
				IPHONEOS_DEPLOYMENT_TARGET = 9.0;
				LD_RUNPATH_SEARCH_PATHS = "$(inherited) @executable_path/Frameworks";
				PRODUCT_BUNDLE_IDENTIFIER = com.linhchu.LCUIComponents;
				PRODUCT_NAME = "$(TARGET_NAME)";
				SWIFT_VERSION = 3.0;
			};
			name = Release;
		};
/* End XCBuildConfiguration section */

/* Begin XCConfigurationList section */
		87683E861ECB2283005E2F14 /* Build configuration list for PBXProject "LCUIComponents" */ = {
			isa = XCConfigurationList;
			buildConfigurations = (
				87683E9B1ECB2283005E2F14 /* Debug */,
				87683E9C1ECB2283005E2F14 /* Release */,
			);
			defaultConfigurationIsVisible = 0;
			defaultConfigurationName = Release;
		};
		87683E9D1ECB2283005E2F14 /* Build configuration list for PBXNativeTarget "LCUIComponents" */ = {
			isa = XCConfigurationList;
			buildConfigurations = (
				87683E9E1ECB2283005E2F14 /* Debug */,
				87683E9F1ECB2283005E2F14 /* Release */,
			);
			defaultConfigurationIsVisible = 0;
			defaultConfigurationName = Release;
		};
/* End XCConfigurationList section */
	};
	rootObject = 87683E831ECB2283005E2F14 /* Project object */;
}
